<?xml version="1.0" encoding="utf-8"?>
<Project ToolsVersion="4.0" xmlns="http://schemas.microsoft.com/developer/msbuild/2003">
  <ItemGroup>
    <Filter Include="Source Files">
      <UniqueIdentifier>{4FC737F1-C7A5-4376-A066-2A32D752A2FF}</UniqueIdentifier>
      <Extensions>cpp;c;cc;cxx;def;odl;idl;hpj;bat;asm;asmx</Extensions>
    </Filter>
    <Filter Include="Header Files">
      <UniqueIdentifier>{93995380-89BD-4b04-88EB-625FBE52EBFB}</UniqueIdentifier>
      <Extensions>h;hh;hpp;hxx;hm;inl;inc;xsd</Extensions>
    </Filter>
    <Filter Include="Resource Files">
      <UniqueIdentifier>{67DA6AB6-F800-4c08-8B7A-83BB121AAD01}</UniqueIdentifier>
      <Extensions>rc;ico;cur;bmp;dlg;rc2;rct;bin;rgs;gif;jpg;jpeg;jpe;resx;tiff;tif;png;wav;mfcribbon-ms</Extensions>
    </Filter>
    <Filter Include="Header Files\meta">
      <UniqueIdentifier>{5396b64a-aea3-4915-8cf2-8a63617c5528}</UniqueIdentifier>
    </Filter>
  </ItemGroup>
  <ItemGroup>
    <Text Include="ReadMe.txt" />
  </ItemGroup>
  <ItemGroup>
    <ClInclude Include="stdafx.h">
      <Filter>Header Files</Filter>
    </ClInclude>
    <ClInclude Include="targetver.h">
      <Filter>Header Files</Filter>
    </ClInclude>
    <ClInclude Include="types.hpp">
      <Filter>Header Files</Filter>
    </ClInclude>
    <ClInclude Include="macros">
      <Filter>Header Files</Filter>
    </ClInclude>
    <ClInclude Include="graph2.h">
      <Filter>Header Files</Filter>
    </ClInclude>
    <ClInclude Include="mirror.h">
      <Filter>Header Files</Filter>
    </ClInclude>
    <ClInclude Include="string_utils.hpp">
      <Filter>Header Files</Filter>
    </ClInclude>
    <ClInclude Include="exception_utils.hpp">
      <Filter>Header Files</Filter>
    </ClInclude>
    <ClInclude Include="stream_collections.hpp">
      <Filter>Header Files</Filter>
    </ClInclude>
    <ClInclude Include="tuple_utils.hpp">
      <Filter>Header Files</Filter>
    </ClInclude>
    <ClInclude Include="star_map.hpp">
      <Filter>Header Files</Filter>
    </ClInclude>
    <ClInclude Include="hash.hpp">
      <Filter>Header Files</Filter>
    </ClInclude>
    <ClInclude Include="ptr.hpp">
      <Filter>Header Files</Filter>
    </ClInclude>
    <ClInclude Include="any.hpp">
      <Filter>Header Files</Filter>
    </ClInclude>
    <ClInclude Include="object_ref.hpp">
      <Filter>Header Files</Filter>
    </ClInclude>
    <ClInclude Include="memory_utils.hpp">
      <Filter>Header Files</Filter>
    </ClInclude>
    <ClInclude Include="traits.hpp">
      <Filter>Header Files</Filter>
    </ClInclude>
    <ClInclude Include="boost_utils.hpp">
      <Filter>Header Files</Filter>
    </ClInclude>
    <ClInclude Include="rtti_aux.hpp">
      <Filter>Header Files</Filter>
    </ClInclude>
    <ClInclude Include="meta\list.hpp">
      <Filter>Header Files\meta</Filter>
    </ClInclude>
    <ClInclude Include="meta\value_list.h">
      <Filter>Header Files\meta</Filter>
    </ClInclude>
    <ClInclude Include="network.hpp">
      <Filter>Header Files</Filter>
    </ClInclude>
    <ClInclude Include="fibers.hpp">
      <Filter>Header Files</Filter>
    </ClInclude>
    <ClInclude Include="module_cross_singleton.hpp">
      <Filter>Header Files</Filter>
    </ClInclude>
    <ClInclude Include="boolean_operators.hpp">
      <Filter>Header Files\meta</Filter>
    </ClInclude>
    <ClInclude Include="meta.hpp">
      <Filter>Header Files\meta</Filter>
    </ClInclude>
    <ClInclude Include="entry_lock.hpp">
      <Filter>Header Files</Filter>
    </ClInclude>
  </ItemGroup>
  <ItemGroup>
    <ClCompile Include="stdafx.cpp">
      <Filter>Source Files</Filter>
    </ClCompile>
    <ClCompile Include="wstr_convert.cpp">
      <Filter>Source Files</Filter>
    </ClCompile>
    <ClCompile Include="mirror.cpp">
      <Filter>Source Files</Filter>
    </ClCompile>
    <ClCompile Include="exception_utils.cpp">
      <Filter>Source Files</Filter>
    </ClCompile>
    <ClCompile Include="any.cpp">
      <Filter>Source Files</Filter>
    </ClCompile>
    <ClCompile Include="memory_utils.cpp">
      <Filter>Source Files</Filter>
    </ClCompile>
    <ClCompile Include="object_ref.cpp">
      <Filter>Source Files</Filter>
    </ClCompile>
    <ClCompile Include="network.cpp">
      <Filter>Source Files</Filter>
    </ClCompile>
    <ClCompile Include="fibers.cpp">
      <Filter>Source Files</Filter>
    </ClCompile>
    <ClCompile Include="module_cross_singleton.cpp">
      <Filter>Source Files</Filter>
    </ClCompile>
  </ItemGroup>
  <ItemGroup>
    <None Include="point">
      <Filter>Header Files</Filter>
    </None>
    <None Include="rect">
      <Filter>Header Files</Filter>
    </None>
    <None Include="wstr_convert">
      <Filter>Header Files</Filter>
    </None>
    <None Include="event_handler">
      <Filter>Header Files</Filter>
    </None>
  </ItemGroup>
</Project>